
Microsoft Visual Studio Solution File, Format Version 12.00
# Visual Studio Version 17
VisualStudioVersion = 17.14.36429.23 d17.14
MinimumVisualStudioVersion = 10.0.40219.1
Project("{FAE04EC0-301F-11D3-BF4B-00C04F79EFBC}") = "kimmy", "kimmy\kimmy.csproj", "{498A632E-E44F-4FCC-846C-05661A53973A}"
EndProject
Global
	GlobalSection(SolutionConfigurationPlatforms) = preSolution
		Debug|Any CPU = Debug|Any CPU
		Release|Any CPU = Release|Any CPU
	EndGlobalSection
	GlobalSection(ProjectConfigurationPlatforms) = postSolution
		{498A632E-E44F-4FCC-846C-05661A53973A}.Debug|Any CPU.ActiveCfg = Debug|Any CPU
		{498A632E-E44F-4FCC-846C-05661A53973A}.Debug|Any CPU.Build.0 = Debug|Any CPU
		{498A632E-E44F-4FCC-846C-05661A53973A}.Release|Any CPU.ActiveCfg = Release|Any CPU
		{498A632E-E44F-4FCC-846C-05661A53973A}.Release|Any CPU.Build.0 = Release|Any CPU
	EndGlobalSection
	GlobalSection(SolutionProperties) = preSolution
		HideSolutionNode = FALSE
	EndGlobalSection
	GlobalSection(ExtensibilityGlobals) = postSolution
		SolutionGuid = {0BC85027-2A07-4E62-9086-480FEA10C617}
	EndGlobalSection
EndGlobal
